
Microsoft Visual Studio Solution File, Format Version 12.00
# Visual Studio Version 17
VisualStudioVersion = 17.3.32929.385
MinimumVisualStudioVersion = 10.0.40219.1
Project("{9A19103F-16F7-4668-BE54-9A1E7A4F7556}") = "Project7", "Project7.csproj", "{F328C29C-221F-4F71-8C60-8616099AEFA9}"
EndProject
Global
	GlobalSection(SolutionConfigurationPlatforms) = preSolution
		Debug|Any CPU = Debug|Any CPU
		Release|Any CPU = Release|Any CPU
	EndGlobalSection
	GlobalSection(ProjectConfigurationPlatforms) = postSolution
		{F328C29C-221F-4F71-8C60-8616099AEFA9}.Debug|Any CPU.ActiveCfg = Debug|Any CPU
		{F328C29C-221F-4F71-8C60-8616099AEFA9}.Debug|Any CPU.Build.0 = Debug|Any CPU
		{F328C29C-221F-4F71-8C60-8616099AEFA9}.Release|Any CPU.ActiveCfg = Release|Any CPU
		{F328C29C-221F-4F71-8C60-8616099AEFA9}.Release|Any CPU.Build.0 = Release|Any CPU
	EndGlobalSection
	GlobalSection(SolutionProperties) = preSolution
		HideSolutionNode = FALSE
	EndGlobalSection
	GlobalSection(ExtensibilityGlobals) = postSolution
		SolutionGuid = {674EA4DA-6373-4BB1-9DCE-598509CFCCA4}
	EndGlobalSection
EndGlobal
